
Microsoft Visual Studio Solution File, Format Version 12.00
# Visual Studio Version 16
VisualStudioVersion = 16.0.31005.135
MinimumVisualStudioVersion = 10.0.40219.1
Project("{FAE04EC0-301F-11D3-BF4B-00C04F79EFBC}") = "Annuaire", "Annuaire.csproj", "{0263F177-F7F1-4A9E-A504-CC15FF3E6981}"
EndProject
Global
	GlobalSection(SolutionConfigurationPlatforms) = preSolution
		Debug|Any CPU = Debug|Any CPU
		Release|Any CPU = Release|Any CPU
	EndGlobalSection
	GlobalSection(ProjectConfigurationPlatforms) = postSolution
		{0263F177-F7F1-4A9E-A504-CC15FF3E6981}.Debug|Any CPU.ActiveCfg = Debug|Any CPU
		{0263F177-F7F1-4A9E-A504-CC15FF3E6981}.Debug|Any CPU.Build.0 = Debug|Any CPU
		{0263F177-F7F1-4A9E-A504-CC15FF3E6981}.Release|Any CPU.ActiveCfg = Release|Any CPU
		{0263F177-F7F1-4A9E-A504-CC15FF3E6981}.Release|Any CPU.Build.0 = Release|Any CPU
	EndGlobalSection
	GlobalSection(SolutionProperties) = preSolution
		HideSolutionNode = FALSE
	EndGlobalSection
	GlobalSection(ExtensibilityGlobals) = postSolution
		SolutionGuid = {7F74516A-52F4-431C-8C20-31121A49B7D6}
	EndGlobalSection
EndGlobal
